
Microsoft Visual Studio Solution File, Format Version 12.00
# Visual Studio Version 16
VisualStudioVersion = 16.0.31624.102
MinimumVisualStudioVersion = 10.0.40219.1
Project("{8BC9CEB8-8B4A-11D0-8D11-00A0C91BC942}") = "Engine", "Engine\Engine.vcxproj", "{015503CA-0086-4F0C-8A0E-61815CFEDFB1}"
EndProject
Project("{8BC9CEB8-8B4A-11D0-8D11-00A0C91BC942}") = "Source", "Source\Source.vcxproj", "{F94592D5-6F76-4391-9714-BEDAF02CBB3D}"
	ProjectSection(ProjectDependencies) = postProject
		{015503CA-0086-4F0C-8A0E-61815CFEDFB1} = {015503CA-0086-4F0C-8A0E-61815CFEDFB1}
	EndProjectSection
EndProject
Global
	GlobalSection(SolutionConfigurationPlatforms) = preSolution
		Debug_Editor|x64 = Debug_Editor|x64
		Debug_Game|x64 = Debug_Game|x64
		Release - Game|x64 = Release - Game|x64
		Release_Editor|x64 = Release_Editor|x64
		Release_Game|x64 = Release_Game|x64
	EndGlobalSection
	GlobalSection(ProjectConfigurationPlatforms) = postSolution
		{015503CA-0086-4F0C-8A0E-61815CFEDFB1}.Debug_Editor|x64.ActiveCfg = Debug|x64
		{015503CA-0086-4F0C-8A0E-61815CFEDFB1}.Debug_Editor|x64.Build.0 = Debug|x64
		{015503CA-0086-4F0C-8A0E-61815CFEDFB1}.Debug_Game|x64.ActiveCfg = Debug - Game|x64
		{015503CA-0086-4F0C-8A0E-61815CFEDFB1}.Debug_Game|x64.Build.0 = Debug - Game|x64
		{015503CA-0086-4F0C-8A0E-61815CFEDFB1}.Release - Game|x64.ActiveCfg = Release - Game|x64
		{015503CA-0086-4F0C-8A0E-61815CFEDFB1}.Release - Game|x64.Build.0 = Release - Game|x64
		{015503CA-0086-4F0C-8A0E-61815CFEDFB1}.Release_Editor|x64.ActiveCfg = Release|x64
		{015503CA-0086-4F0C-8A0E-61815CFEDFB1}.Release_Editor|x64.Build.0 = Release|x64
		{015503CA-0086-4F0C-8A0E-61815CFEDFB1}.Release_Game|x64.ActiveCfg = Release - Game|x64
		{015503CA-0086-4F0C-8A0E-61815CFEDFB1}.Release_Game|x64.Build.0 = Release - Game|x64
		{F94592D5-6F76-4391-9714-BEDAF02CBB3D}.Debug_Editor|x64.ActiveCfg = Debug|x64
		{F94592D5-6F76-4391-9714-BEDAF02CBB3D}.Debug_Editor|x64.Build.0 = Debug|x64
		{F94592D5-6F76-4391-9714-BEDAF02CBB3D}.Debug_Game|x64.ActiveCfg = Debug - Game|x64
		{F94592D5-6F76-4391-9714-BEDAF02CBB3D}.Debug_Game|x64.Build.0 = Debug - Game|x64
		{F94592D5-6F76-4391-9714-BEDAF02CBB3D}.Release - Game|x64.ActiveCfg = Release - Game|x64
		{F94592D5-6F76-4391-9714-BEDAF02CBB3D}.Release - Game|x64.Build.0 = Release - Game|x64
		{F94592D5-6F76-4391-9714-BEDAF02CBB3D}.Release_Editor|x64.ActiveCfg = Release|x64
		{F94592D5-6F76-4391-9714-BEDAF02CBB3D}.Release_Editor|x64.Build.0 = Release|x64
		{F94592D5-6F76-4391-9714-BEDAF02CBB3D}.Release_Game|x64.ActiveCfg = Release|x64
		{F94592D5-6F76-4391-9714-BEDAF02CBB3D}.Release_Game|x64.Build.0 = Release|x64
	EndGlobalSection
	GlobalSection(SolutionProperties) = preSolution
		HideSolutionNode = FALSE
	EndGlobalSection
	GlobalSection(ExtensibilityGlobals) = postSolution
		SolutionGuid = {029B4E36-79E2-4258-9A04-926D71BEABA5}
	EndGlobalSection
EndGlobal
